
Microsoft Visual Studio Solution File, Format Version 12.00
# Visual Studio Version 16
VisualStudioVersion = 16.0.29411.108
MinimumVisualStudioVersion = 10.0.40219.1
Project("{FAE04EC0-301F-11D3-BF4B-00C04F79EFBC}") = "ConsoleApp1", "ConsoleApp1\ConsoleApp1.csproj", "{D5EBCEF7-727D-4D55-904F-7E89581C9F25}"
EndProject
Global
	GlobalSection(SolutionConfigurationPlatforms) = preSolution
		Debug|Any CPU = Debug|Any CPU
		Release|Any CPU = Release|Any CPU
	EndGlobalSection
	GlobalSection(ProjectConfigurationPlatforms) = postSolution
		{D5EBCEF7-727D-4D55-904F-7E89581C9F25}.Debug|Any CPU.ActiveCfg = Debug|Any CPU
		{D5EBCEF7-727D-4D55-904F-7E89581C9F25}.Debug|Any CPU.Build.0 = Debug|Any CPU
		{D5EBCEF7-727D-4D55-904F-7E89581C9F25}.Release|Any CPU.ActiveCfg = Release|Any CPU
		{D5EBCEF7-727D-4D55-904F-7E89581C9F25}.Release|Any CPU.Build.0 = Release|Any CPU
	EndGlobalSection
	GlobalSection(SolutionProperties) = preSolution
		HideSolutionNode = FALSE
	EndGlobalSection
	GlobalSection(ExtensibilityGlobals) = postSolution
		SolutionGuid = {274D5A7E-C032-44D3-B789-0560784BFC94}
	EndGlobalSection
EndGlobal
